// !$*UTF8*$!
{
	archiveVersion = 1;
	classes = {
	};
	objectVersion = 46;
	objects = {

/* Begin PBXBuildFile section */
		3EF2845D14D7C14400768794 /* UIKit.framework in Frameworks */ = {isa = PBXBuildFile; fileRef = 3EF2845C14D7C14400768794 /* UIKit.framework */; };
		3EF2845F14D7C14400768794 /* Foundation.framework in Frameworks */ = {isa = PBXBuildFile; fileRef = 3EF2845E14D7C14400768794 /* Foundation.framework */; };
		3EF2846114D7C14400768794 /* CoreGraphics.framework in Frameworks */ = {isa = PBXBuildFile; fileRef = 3EF2846014D7C14400768794 /* CoreGraphics.framework */; };
		3EF2846714D7C14400768794 /* InfoPlist.strings in Resources */ = {isa = PBXBuildFile; fileRef = 3EF2846514D7C14400768794 /* InfoPlist.strings */; };
		3EF2846914D7C14400768794 /* main.m in Sources */ = {isa = PBXBuildFile; fileRef = 3EF2846814D7C14400768794 /* main.m */; };
		3EF2846D14D7C14400768794 /* AppDelegate.m in Sources */ = {isa = PBXBuildFile; fileRef = 3EF2846C14D7C14400768794 /* AppDelegate.m */; };
		3EF284A414D7D43300768794 /* SenTestingKit.framework in Frameworks */ = {isa = PBXBuildFile; fileRef = 3EF284A314D7D43300768794 /* SenTestingKit.framework */; };
		3EF284A514D7D43300768794 /* UIKit.framework in Frameworks */ = {isa = PBXBuildFile; fileRef = 3EF2845C14D7C14400768794 /* UIKit.framework */; };
		3EF284A614D7D43300768794 /* Foundation.framework in Frameworks */ = {isa = PBXBuildFile; fileRef = 3EF2845E14D7C14400768794 /* Foundation.framework */; };
		3EF284AC14D7D43300768794 /* InfoPlist.strings in Resources */ = {isa = PBXBuildFile; fileRef = 3EF284AA14D7D43300768794 /* InfoPlist.strings */; };
		3EF284AF14D7D43300768794 /* KiwiTarget.m in Sources */ = {isa = PBXBuildFile; fileRef = 3EF284AE14D7D43300768794 /* KiwiTarget.m */; };
		3EF287A814D7D69900768794 /* SimpleSpec2.m in Sources */ = {isa = PBXBuildFile; fileRef = 3EF287A714D7D69900768794 /* SimpleSpec2.m */; };
		3EFF86EB14D7DB31002AFC43 /* KWAfterAllNode.m in Sources */ = {isa = PBXBuildFile; fileRef = 3EFF865314D7DB31002AFC43 /* KWAfterAllNode.m */; };
		3EFF86EC14D7DB31002AFC43 /* KWAfterEachNode.m in Sources */ = {isa = PBXBuildFile; fileRef = 3EFF865514D7DB31002AFC43 /* KWAfterEachNode.m */; };
		3EFF86ED14D7DB31002AFC43 /* KWAsyncVerifier.m in Sources */ = {isa = PBXBuildFile; fileRef = 3EFF865714D7DB31002AFC43 /* KWAsyncVerifier.m */; };
		3EFF86EE14D7DB31002AFC43 /* KWBeBetweenMatcher.m in Sources */ = {isa = PBXBuildFile; fileRef = 3EFF865914D7DB31002AFC43 /* KWBeBetweenMatcher.m */; };
		3EFF86EF14D7DB31002AFC43 /* KWBeEmptyMatcher.m in Sources */ = {isa = PBXBuildFile; fileRef = 3EFF865B14D7DB31002AFC43 /* KWBeEmptyMatcher.m */; };
		3EFF86F014D7DB31002AFC43 /* KWBeforeAllNode.m in Sources */ = {isa = PBXBuildFile; fileRef = 3EFF865D14D7DB31002AFC43 /* KWBeforeAllNode.m */; };
		3EFF86F114D7DB31002AFC43 /* KWBeforeEachNode.m in Sources */ = {isa = PBXBuildFile; fileRef = 3EFF865F14D7DB31002AFC43 /* KWBeforeEachNode.m */; };
		3EFF86F214D7DB31002AFC43 /* KWBeIdenticalToMatcher.m in Sources */ = {isa = PBXBuildFile; fileRef = 3EFF866114D7DB31002AFC43 /* KWBeIdenticalToMatcher.m */; };
		3EFF86F314D7DB31002AFC43 /* KWBeKindOfClassMatcher.m in Sources */ = {isa = PBXBuildFile; fileRef = 3EFF866314D7DB31002AFC43 /* KWBeKindOfClassMatcher.m */; };
		3EFF86F414D7DB31002AFC43 /* KWBeMemberOfClassMatcher.m in Sources */ = {isa = PBXBuildFile; fileRef = 3EFF866514D7DB31002AFC43 /* KWBeMemberOfClassMatcher.m */; };
		3EFF86F514D7DB31002AFC43 /* KWBeNilMatcher.m in Sources */ = {isa = PBXBuildFile; fileRef = 3EFF866714D7DB31002AFC43 /* KWBeNilMatcher.m */; };
		3EFF86F614D7DB31002AFC43 /* KWBeNonNilMatcher.m in Sources */ = {isa = PBXBuildFile; fileRef = 3EFF866914D7DB31002AFC43 /* KWBeNonNilMatcher.m */; };
		3EFF86F714D7DB31002AFC43 /* KWBeTrueMatcher.m in Sources */ = {isa = PBXBuildFile; fileRef = 3EFF866B14D7DB31002AFC43 /* KWBeTrueMatcher.m */; };
		3EFF86F814D7DB31002AFC43 /* KWBeWithinMatcher.m in Sources */ = {isa = PBXBuildFile; fileRef = 3EFF866D14D7DB31002AFC43 /* KWBeWithinMatcher.m */; };
		3EFF86F914D7DB31002AFC43 /* KWBeZeroMatcher.m in Sources */ = {isa = PBXBuildFile; fileRef = 3EFF866F14D7DB31002AFC43 /* KWBeZeroMatcher.m */; };
		3EFF86FA14D7DB31002AFC43 /* KWBlock.m in Sources */ = {isa = PBXBuildFile; fileRef = 3EFF867114D7DB31002AFC43 /* KWBlock.m */; };
		3EFF86FB14D7DB31002AFC43 /* KWBlockNode.m in Sources */ = {isa = PBXBuildFile; fileRef = 3EFF867314D7DB31002AFC43 /* KWBlockNode.m */; };
		3EFF86FC14D7DB31002AFC43 /* KWBlockRaiseMatcher.m in Sources */ = {isa = PBXBuildFile; fileRef = 3EFF867514D7DB31002AFC43 /* KWBlockRaiseMatcher.m */; };
		3EFF86FD14D7DB31002AFC43 /* KWCallSite.m in Sources */ = {isa = PBXBuildFile; fileRef = 3EFF867714D7DB31002AFC43 /* KWCallSite.m */; };
		3EFF86FE14D7DB31002AFC43 /* KWConformToProtocolMatcher.m in Sources */ = {isa = PBXBuildFile; fileRef = 3EFF867914D7DB31002AFC43 /* KWConformToProtocolMatcher.m */; };
		3EFF86FF14D7DB31002AFC43 /* KWContainMatcher.m in Sources */ = {isa = PBXBuildFile; fileRef = 3EFF867B14D7DB31002AFC43 /* KWContainMatcher.m */; };
		3EFF870014D7DB31002AFC43 /* KWContextNode.m in Sources */ = {isa = PBXBuildFile; fileRef = 3EFF867D14D7DB31002AFC43 /* KWContextNode.m */; };
		3EFF870114D7DB31002AFC43 /* KWDeviceInfo.m in Sources */ = {isa = PBXBuildFile; fileRef = 3EFF868014D7DB31002AFC43 /* KWDeviceInfo.m */; };
		3EFF870214D7DB31002AFC43 /* KWEqualMatcher.m in Sources */ = {isa = PBXBuildFile; fileRef = 3EFF868214D7DB31002AFC43 /* KWEqualMatcher.m */; };
		3EFF870314D7DB31002AFC43 /* KWExample.m in Sources */ = {isa = PBXBuildFile; fileRef = 3EFF868414D7DB31002AFC43 /* KWExample.m */; };
		3EFF870414D7DB31002AFC43 /* KWExampleGroupBuilder.m in Sources */ = {isa = PBXBuildFile; fileRef = 3EFF868614D7DB31002AFC43 /* KWExampleGroupBuilder.m */; };
		3EFF870514D7DB31002AFC43 /* KWExampleSuite.m in Sources */ = {isa = PBXBuildFile; fileRef = 3EFF868B14D7DB31002AFC43 /* KWExampleSuite.m */; };
		3EFF870614D7DB31002AFC43 /* KWExistVerifier.m in Sources */ = {isa = PBXBuildFile; fileRef = 3EFF868D14D7DB31002AFC43 /* KWExistVerifier.m */; };
		3EFF870714D7DB31002AFC43 /* KWFailure.m in Sources */ = {isa = PBXBuildFile; fileRef = 3EFF869014D7DB31002AFC43 /* KWFailure.m */; };
		3EFF870814D7DB31002AFC43 /* KWFormatter.m in Sources */ = {isa = PBXBuildFile; fileRef = 3EFF869214D7DB31002AFC43 /* KWFormatter.m */; };
		3EFF870914D7DB31002AFC43 /* KWFutureObject.m in Sources */ = {isa = PBXBuildFile; fileRef = 3EFF869414D7DB31002AFC43 /* KWFutureObject.m */; };
		3EFF870A14D7DB31002AFC43 /* KWHamcrestMatcher.m in Sources */ = {isa = PBXBuildFile; fileRef = 3EFF869614D7DB31002AFC43 /* KWHamcrestMatcher.m */; };
		3EFF870B14D7DB31002AFC43 /* KWHamrestMatchingAdditions.m in Sources */ = {isa = PBXBuildFile; fileRef = 3EFF869814D7DB31002AFC43 /* KWHamrestMatchingAdditions.m */; };
		3EFF870C14D7DB31002AFC43 /* KWHaveMatcher.m in Sources */ = {isa = PBXBuildFile; fileRef = 3EFF869A14D7DB31002AFC43 /* KWHaveMatcher.m */; };
		3EFF870D14D7DB31002AFC43 /* KWHaveValueMatcher.m in Sources */ = {isa = PBXBuildFile; fileRef = 3EFF869C14D7DB31002AFC43 /* KWHaveValueMatcher.m */; };
		3EFF870E14D7DB31002AFC43 /* KWInequalityMatcher.m in Sources */ = {isa = PBXBuildFile; fileRef = 3EFF869F14D7DB31002AFC43 /* KWInequalityMatcher.m */; };
		3EFF870F14D7DB31002AFC43 /* KWIntercept.m in Sources */ = {isa = PBXBuildFile; fileRef = 3EFF86A114D7DB31002AFC43 /* KWIntercept.m */; };
		3EFF871014D7DB31002AFC43 /* KWInvocationCapturer.m in Sources */ = {isa = PBXBuildFile; fileRef = 3EFF86A314D7DB31002AFC43 /* KWInvocationCapturer.m */; };
		3EFF871114D7DB31002AFC43 /* KWItNode.m in Sources */ = {isa = PBXBuildFile; fileRef = 3EFF86A514D7DB31002AFC43 /* KWItNode.m */; };
		3EFF871214D7DB31002AFC43 /* KWMatcher.m in Sources */ = {isa = PBXBuildFile; fileRef = 3EFF86A714D7DB31002AFC43 /* KWMatcher.m */; };
		3EFF871314D7DB31002AFC43 /* KWMatcherFactory.m in Sources */ = {isa = PBXBuildFile; fileRef = 3EFF86A914D7DB31002AFC43 /* KWMatcherFactory.m */; };
		3EFF871414D7DB31002AFC43 /* KWMatchers.m in Sources */ = {isa = PBXBuildFile; fileRef = 3EFF86AB14D7DB31002AFC43 /* KWMatchers.m */; };
		3EFF871514D7DB31002AFC43 /* KWMatchVerifier.m in Sources */ = {isa = PBXBuildFile; fileRef = 3EFF86AE14D7DB31002AFC43 /* KWMatchVerifier.m */; };
		3EFF871614D7DB31002AFC43 /* KWMessagePattern.m in Sources */ = {isa = PBXBuildFile; fileRef = 3EFF86B014D7DB31002AFC43 /* KWMessagePattern.m */; };
		3EFF871714D7DB31002AFC43 /* KWMessageTracker.m in Sources */ = {isa = PBXBuildFile; fileRef = 3EFF86B314D7DB31002AFC43 /* KWMessageTracker.m */; };
		3EFF871814D7DB31002AFC43 /* KWMock.m in Sources */ = {isa = PBXBuildFile; fileRef = 3EFF86B514D7DB31002AFC43 /* KWMock.m */; };
		3EFF871914D7DB31002AFC43 /* KWNull.m in Sources */ = {isa = PBXBuildFile; fileRef = 3EFF86B714D7DB31002AFC43 /* KWNull.m */; };
		3EFF871A14D7DB31002AFC43 /* KWObjCUtilities.m in Sources */ = {isa = PBXBuildFile; fileRef = 3EFF86B914D7DB31002AFC43 /* KWObjCUtilities.m */; };
		3EFF871B14D7DB31002AFC43 /* KWPendingNode.m in Sources */ = {isa = PBXBuildFile; fileRef = 3EFF86BB14D7DB31002AFC43 /* KWPendingNode.m */; };
		3EFF871C14D7DB31002AFC43 /* KWProbePoller.m in Sources */ = {isa = PBXBuildFile; fileRef = 3EFF86BE14D7DB31002AFC43 /* KWProbePoller.m */; };
		3EFF871D14D7DB31002AFC43 /* KWRaiseMatcher.m in Sources */ = {isa = PBXBuildFile; fileRef = 3EFF86C014D7DB31002AFC43 /* KWRaiseMatcher.m */; };
		3EFF871E14D7DB31002AFC43 /* KWReceiveMatcher.m in Sources */ = {isa = PBXBuildFile; fileRef = 3EFF86C214D7DB31002AFC43 /* KWReceiveMatcher.m */; };
		3EFF871F14D7DB31002AFC43 /* KWRegisterMatchersNode.m in Sources */ = {isa = PBXBuildFile; fileRef = 3EFF86C414D7DB31002AFC43 /* KWRegisterMatchersNode.m */; };
		3EFF872014D7DB31002AFC43 /* KWRespondToSelectorMatcher.m in Sources */ = {isa = PBXBuildFile; fileRef = 3EFF86C714D7DB31002AFC43 /* KWRespondToSelectorMatcher.m */; };
		3EFF872114D7DB31002AFC43 /* KWSpec.m in Sources */ = {isa = PBXBuildFile; fileRef = 3EFF86C914D7DB31002AFC43 /* KWSpec.m */; };
		3EFF872214D7DB31002AFC43 /* KWStringUtilities.m in Sources */ = {isa = PBXBuildFile; fileRef = 3EFF86CB14D7DB31002AFC43 /* KWStringUtilities.m */; };
		3EFF872314D7DB31002AFC43 /* KWStub.m in Sources */ = {isa = PBXBuildFile; fileRef = 3EFF86CD14D7DB31002AFC43 /* KWStub.m */; };
		3EFF872414D7DB31002AFC43 /* KWTestCase.m in Sources */ = {isa = PBXBuildFile; fileRef = 3EFF86CF14D7DB31002AFC43 /* KWTestCase.m */; };
		3EFF872514D7DB31002AFC43 /* KWUserDefinedMatcher.m in Sources */ = {isa = PBXBuildFile; fileRef = 3EFF86D114D7DB31002AFC43 /* KWUserDefinedMatcher.m */; };
		3EFF872614D7DB31002AFC43 /* KWValue.m in Sources */ = {isa = PBXBuildFile; fileRef = 3EFF86D314D7DB31002AFC43 /* KWValue.m */; };
		3EFF872714D7DB31002AFC43 /* KWWorkarounds.m in Sources */ = {isa = PBXBuildFile; fileRef = 3EFF86D614D7DB31002AFC43 /* KWWorkarounds.m */; };
		3EFF872814D7DB31002AFC43 /* NSInvocation+KiwiAdditions.m in Sources */ = {isa = PBXBuildFile; fileRef = 3EFF86D814D7DB31002AFC43 /* NSInvocation+KiwiAdditions.m */; };
		3EFF872914D7DB31002AFC43 /* NSMethodSignature+KiwiAdditions.m in Sources */ = {isa = PBXBuildFile; fileRef = 3EFF86DA14D7DB31002AFC43 /* NSMethodSignature+KiwiAdditions.m */; };
		3EFF872A14D7DB31002AFC43 /* NSNumber+KiwiAdditions.m in Sources */ = {isa = PBXBuildFile; fileRef = 3EFF86DC14D7DB31002AFC43 /* NSNumber+KiwiAdditions.m */; };
		3EFF872B14D7DB31002AFC43 /* NSObject+KiwiMockAdditions.m in Sources */ = {isa = PBXBuildFile; fileRef = 3EFF86DE14D7DB31002AFC43 /* NSObject+KiwiMockAdditions.m */; };
		3EFF872C14D7DB31002AFC43 /* NSObject+KiwiStubAdditions.m in Sources */ = {isa = PBXBuildFile; fileRef = 3EFF86E014D7DB31002AFC43 /* NSObject+KiwiStubAdditions.m */; };
		3EFF872D14D7DB31002AFC43 /* NSObject+KiwiVerifierAdditions.m in Sources */ = {isa = PBXBuildFile; fileRef = 3EFF86E214D7DB31002AFC43 /* NSObject+KiwiVerifierAdditions.m */; };
		3EFF872E14D7DB31002AFC43 /* NSValue+KiwiAdditions.m in Sources */ = {isa = PBXBuildFile; fileRef = 3EFF86E414D7DB31002AFC43 /* NSValue+KiwiAdditions.m */; };
/* End PBXBuildFile section */

/* Begin PBXContainerItemProxy section */
		3EFF873214D7DB31002AFC43 /* PBXContainerItemProxy */ = {
			isa = PBXContainerItemProxy;
			containerPortal = 3EFF86E514D7DB31002AFC43 /* Kiwi.xcodeproj */;
			proxyType = 2;
			remoteGlobalIDString = F5015B9F11583A77002E9A98;
			remoteInfo = Kiwi;
		};
		3EFF873414D7DB31002AFC43 /* PBXContainerItemProxy */ = {
			isa = PBXContainerItemProxy;
			containerPortal = 3EFF86E514D7DB31002AFC43 /* Kiwi.xcodeproj */;
			proxyType = 2;
			remoteGlobalIDString = F5015C9E11584017002E9A98;
			remoteInfo = KiwiTests;
		};
		3EFF873614D7DB31002AFC43 /* PBXContainerItemProxy */ = {
			isa = PBXContainerItemProxy;
			containerPortal = 3EFF86E514D7DB31002AFC43 /* Kiwi.xcodeproj */;
			proxyType = 2;
			remoteGlobalIDString = A3B16542139967B800E9CC6E;
			remoteInfo = KiwiExamples;
		};
/* End PBXContainerItemProxy section */

/* Begin PBXFileReference section */
		3EF2845814D7C14400768794 /* KiwiTestProj.app */ = {isa = PBXFileReference; explicitFileType = wrapper.application; includeInIndex = 0; path = KiwiTestProj.app; sourceTree = BUILT_PRODUCTS_DIR; };
		3EF2845C14D7C14400768794 /* UIKit.framework */ = {isa = PBXFileReference; lastKnownFileType = wrapper.framework; name = UIKit.framework; path = System/Library/Frameworks/UIKit.framework; sourceTree = SDKROOT; };
		3EF2845E14D7C14400768794 /* Foundation.framework */ = {isa = PBXFileReference; lastKnownFileType = wrapper.framework; name = Foundation.framework; path = System/Library/Frameworks/Foundation.framework; sourceTree = SDKROOT; };
		3EF2846014D7C14400768794 /* CoreGraphics.framework */ = {isa = PBXFileReference; lastKnownFileType = wrapper.framework; name = CoreGraphics.framework; path = System/Library/Frameworks/CoreGraphics.framework; sourceTree = SDKROOT; };
		3EF2846414D7C14400768794 /* KiwiTestProj-Info.plist */ = {isa = PBXFileReference; lastKnownFileType = text.plist.xml; path = "KiwiTestProj-Info.plist"; sourceTree = "<group>"; };
		3EF2846614D7C14400768794 /* en */ = {isa = PBXFileReference; lastKnownFileType = text.plist.strings; name = en; path = en.lproj/InfoPlist.strings; sourceTree = "<group>"; };
		3EF2846814D7C14400768794 /* main.m */ = {isa = PBXFileReference; lastKnownFileType = sourcecode.c.objc; path = main.m; sourceTree = "<group>"; };
		3EF2846A14D7C14400768794 /* KiwiTestProj-Prefix.pch */ = {isa = PBXFileReference; lastKnownFileType = sourcecode.c.h; path = "KiwiTestProj-Prefix.pch"; sourceTree = "<group>"; };
		3EF2846B14D7C14400768794 /* AppDelegate.h */ = {isa = PBXFileReference; lastKnownFileType = sourcecode.c.h; path = AppDelegate.h; sourceTree = "<group>"; };
		3EF2846C14D7C14400768794 /* AppDelegate.m */ = {isa = PBXFileReference; lastKnownFileType = sourcecode.c.objc; path = AppDelegate.m; sourceTree = "<group>"; };
		3EF284A214D7D43300768794 /* KiwiTarget.octest */ = {isa = PBXFileReference; explicitFileType = wrapper.cfbundle; includeInIndex = 0; path = KiwiTarget.octest; sourceTree = BUILT_PRODUCTS_DIR; };
		3EF284A314D7D43300768794 /* SenTestingKit.framework */ = {isa = PBXFileReference; lastKnownFileType = wrapper.framework; name = SenTestingKit.framework; path = Library/Frameworks/SenTestingKit.framework; sourceTree = DEVELOPER_DIR; };
		3EF284A914D7D43300768794 /* KiwiTarget-Info.plist */ = {isa = PBXFileReference; lastKnownFileType = text.plist.xml; path = "KiwiTarget-Info.plist"; sourceTree = "<group>"; };
		3EF284AB14D7D43300768794 /* en */ = {isa = PBXFileReference; lastKnownFileType = text.plist.strings; name = en; path = en.lproj/InfoPlist.strings; sourceTree = "<group>"; };
		3EF284AD14D7D43300768794 /* KiwiTarget.h */ = {isa = PBXFileReference; lastKnownFileType = sourcecode.c.h; path = KiwiTarget.h; sourceTree = "<group>"; };
		3EF284AE14D7D43300768794 /* KiwiTarget.m */ = {isa = PBXFileReference; lastKnownFileType = sourcecode.c.objc; path = KiwiTarget.m; sourceTree = "<group>"; };
		3EF284B014D7D43300768794 /* KiwiTarget-Prefix.pch */ = {isa = PBXFileReference; lastKnownFileType = sourcecode.c.h; path = "KiwiTarget-Prefix.pch"; sourceTree = "<group>"; };
		3EF287A614D7D69900768794 /* SimpleSpec2.h */ = {isa = PBXFileReference; fileEncoding = 4; lastKnownFileType = sourcecode.c.h; name = SimpleSpec2.h; path = ../SimpleSpec2.h; sourceTree = "<group>"; };
		3EF287A714D7D69900768794 /* SimpleSpec2.m */ = {isa = PBXFileReference; fileEncoding = 4; lastKnownFileType = sourcecode.c.objc; name = SimpleSpec2.m; path = ../SimpleSpec2.m; sourceTree = "<group>"; };
		3EFF864D14D7DB31002AFC43 /* Kiwi.h */ = {isa = PBXFileReference; fileEncoding = 4; lastKnownFileType = sourcecode.c.h; path = Kiwi.h; sourceTree = "<group>"; };
		3EFF864E14D7DB31002AFC43 /* KiwiBlockMacros.h */ = {isa = PBXFileReference; fileEncoding = 4; lastKnownFileType = sourcecode.c.h; path = KiwiBlockMacros.h; sourceTree = "<group>"; };
		3EFF864F14D7DB31002AFC43 /* KiwiConfiguration.h */ = {isa = PBXFileReference; fileEncoding = 4; lastKnownFileType = sourcecode.c.h; path = KiwiConfiguration.h; sourceTree = "<group>"; };
		3EFF865014D7DB31002AFC43 /* KiwiMacros.h */ = {isa = PBXFileReference; fileEncoding = 4; lastKnownFileType = sourcecode.c.h; path = KiwiMacros.h; sourceTree = "<group>"; };
		3EFF865114D7DB31002AFC43 /* KiwiNewMacros.h */ = {isa = PBXFileReference; fileEncoding = 4; lastKnownFileType = sourcecode.c.h; path = KiwiNewMacros.h; sourceTree = "<group>"; };
		3EFF865214D7DB31002AFC43 /* KWAfterAllNode.h */ = {isa = PBXFileReference; fileEncoding = 4; lastKnownFileType = sourcecode.c.h; path = KWAfterAllNode.h; sourceTree = "<group>"; };
		3EFF865314D7DB31002AFC43 /* KWAfterAllNode.m */ = {isa = PBXFileReference; fileEncoding = 4; lastKnownFileType = sourcecode.c.objc; path = KWAfterAllNode.m; sourceTree = "<group>"; };
		3EFF865414D7DB31002AFC43 /* KWAfterEachNode.h */ = {isa = PBXFileReference; fileEncoding = 4; lastKnownFileType = sourcecode.c.h; path = KWAfterEachNode.h; sourceTree = "<group>"; };
		3EFF865514D7DB31002AFC43 /* KWAfterEachNode.m */ = {isa = PBXFileReference; fileEncoding = 4; lastKnownFileType = sourcecode.c.objc; path = KWAfterEachNode.m; sourceTree = "<group>"; };
		3EFF865614D7DB31002AFC43 /* KWAsyncVerifier.h */ = {isa = PBXFileReference; fileEncoding = 4; lastKnownFileType = sourcecode.c.h; path = KWAsyncVerifier.h; sourceTree = "<group>"; };
		3EFF865714D7DB31002AFC43 /* KWAsyncVerifier.m */ = {isa = PBXFileReference; fileEncoding = 4; lastKnownFileType = sourcecode.c.objc; path = KWAsyncVerifier.m; sourceTree = "<group>"; };
		3EFF865814D7DB31002AFC43 /* KWBeBetweenMatcher.h */ = {isa = PBXFileReference; fileEncoding = 4; lastKnownFileType = sourcecode.c.h; path = KWBeBetweenMatcher.h; sourceTree = "<group>"; };
		3EFF865914D7DB31002AFC43 /* KWBeBetweenMatcher.m */ = {isa = PBXFileReference; fileEncoding = 4; lastKnownFileType = sourcecode.c.objc; path = KWBeBetweenMatcher.m; sourceTree = "<group>"; };
		3EFF865A14D7DB31002AFC43 /* KWBeEmptyMatcher.h */ = {isa = PBXFileReference; fileEncoding = 4; lastKnownFileType = sourcecode.c.h; path = KWBeEmptyMatcher.h; sourceTree = "<group>"; };
		3EFF865B14D7DB31002AFC43 /* KWBeEmptyMatcher.m */ = {isa = PBXFileReference; fileEncoding = 4; lastKnownFileType = sourcecode.c.objc; path = KWBeEmptyMatcher.m; sourceTree = "<group>"; };
		3EFF865C14D7DB31002AFC43 /* KWBeforeAllNode.h */ = {isa = PBXFileReference; fileEncoding = 4; lastKnownFileType = sourcecode.c.h; path = KWBeforeAllNode.h; sourceTree = "<group>"; };
		3EFF865D14D7DB31002AFC43 /* KWBeforeAllNode.m */ = {isa = PBXFileReference; fileEncoding = 4; lastKnownFileType = sourcecode.c.objc; path = KWBeforeAllNode.m; sourceTree = "<group>"; };
		3EFF865E14D7DB31002AFC43 /* KWBeforeEachNode.h */ = {isa = PBXFileReference; fileEncoding = 4; lastKnownFileType = sourcecode.c.h; path = KWBeforeEachNode.h; sourceTree = "<group>"; };
		3EFF865F14D7DB31002AFC43 /* KWBeforeEachNode.m */ = {isa = PBXFileReference; fileEncoding = 4; lastKnownFileType = sourcecode.c.objc; path = KWBeforeEachNode.m; sourceTree = "<group>"; };
		3EFF866014D7DB31002AFC43 /* KWBeIdenticalToMatcher.h */ = {isa = PBXFileReference; fileEncoding = 4; lastKnownFileType = sourcecode.c.h; path = KWBeIdenticalToMatcher.h; sourceTree = "<group>"; };
		3EFF866114D7DB31002AFC43 /* KWBeIdenticalToMatcher.m */ = {isa = PBXFileReference; fileEncoding = 4; lastKnownFileType = sourcecode.c.objc; path = KWBeIdenticalToMatcher.m; sourceTree = "<group>"; };
		3EFF866214D7DB31002AFC43 /* KWBeKindOfClassMatcher.h */ = {isa = PBXFileReference; fileEncoding = 4; lastKnownFileType = sourcecode.c.h; path = KWBeKindOfClassMatcher.h; sourceTree = "<group>"; };
		3EFF866314D7DB31002AFC43 /* KWBeKindOfClassMatcher.m */ = {isa = PBXFileReference; fileEncoding = 4; lastKnownFileType = sourcecode.c.objc; path = KWBeKindOfClassMatcher.m; sourceTree = "<group>"; };
		3EFF866414D7DB31002AFC43 /* KWBeMemberOfClassMatcher.h */ = {isa = PBXFileReference; fileEncoding = 4; lastKnownFileType = sourcecode.c.h; path = KWBeMemberOfClassMatcher.h; sourceTree = "<group>"; };
		3EFF866514D7DB31002AFC43 /* KWBeMemberOfClassMatcher.m */ = {isa = PBXFileReference; fileEncoding = 4; lastKnownFileType = sourcecode.c.objc; path = KWBeMemberOfClassMatcher.m; sourceTree = "<group>"; };
		3EFF866614D7DB31002AFC43 /* KWBeNilMatcher.h */ = {isa = PBXFileReference; fileEncoding = 4; lastKnownFileType = sourcecode.c.h; path = KWBeNilMatcher.h; sourceTree = "<group>"; };
		3EFF866714D7DB31002AFC43 /* KWBeNilMatcher.m */ = {isa = PBXFileReference; fileEncoding = 4; lastKnownFileType = sourcecode.c.objc; path = KWBeNilMatcher.m; sourceTree = "<group>"; };
		3EFF866814D7DB31002AFC43 /* KWBeNonNilMatcher.h */ = {isa = PBXFileReference; fileEncoding = 4; lastKnownFileType = sourcecode.c.h; path = KWBeNonNilMatcher.h; sourceTree = "<group>"; };
		3EFF866914D7DB31002AFC43 /* KWBeNonNilMatcher.m */ = {isa = PBXFileReference; fileEncoding = 4; lastKnownFileType = sourcecode.c.objc; path = KWBeNonNilMatcher.m; sourceTree = "<group>"; };
		3EFF866A14D7DB31002AFC43 /* KWBeTrueMatcher.h */ = {isa = PBXFileReference; fileEncoding = 4; lastKnownFileType = sourcecode.c.h; path = KWBeTrueMatcher.h; sourceTree = "<group>"; };
		3EFF866B14D7DB31002AFC43 /* KWBeTrueMatcher.m */ = {isa = PBXFileReference; fileEncoding = 4; lastKnownFileType = sourcecode.c.objc; path = KWBeTrueMatcher.m; sourceTree = "<group>"; };
		3EFF866C14D7DB31002AFC43 /* KWBeWithinMatcher.h */ = {isa = PBXFileReference; fileEncoding = 4; lastKnownFileType = sourcecode.c.h; path = KWBeWithinMatcher.h; sourceTree = "<group>"; };
		3EFF866D14D7DB31002AFC43 /* KWBeWithinMatcher.m */ = {isa = PBXFileReference; fileEncoding = 4; lastKnownFileType = sourcecode.c.objc; path = KWBeWithinMatcher.m; sourceTree = "<group>"; };
		3EFF866E14D7DB31002AFC43 /* KWBeZeroMatcher.h */ = {isa = PBXFileReference; fileEncoding = 4; lastKnownFileType = sourcecode.c.h; path = KWBeZeroMatcher.h; sourceTree = "<group>"; };
		3EFF866F14D7DB31002AFC43 /* KWBeZeroMatcher.m */ = {isa = PBXFileReference; fileEncoding = 4; lastKnownFileType = sourcecode.c.objc; path = KWBeZeroMatcher.m; sourceTree = "<group>"; };
		3EFF867014D7DB31002AFC43 /* KWBlock.h */ = {isa = PBXFileReference; fileEncoding = 4; lastKnownFileType = sourcecode.c.h; path = KWBlock.h; sourceTree = "<group>"; };
		3EFF867114D7DB31002AFC43 /* KWBlock.m */ = {isa = PBXFileReference; fileEncoding = 4; lastKnownFileType = sourcecode.c.objc; path = KWBlock.m; sourceTree = "<group>"; };
		3EFF867214D7DB31002AFC43 /* KWBlockNode.h */ = {isa = PBXFileReference; fileEncoding = 4; lastKnownFileType = sourcecode.c.h; path = KWBlockNode.h; sourceTree = "<group>"; };
		3EFF867314D7DB31002AFC43 /* KWBlockNode.m */ = {isa = PBXFileReference; fileEncoding = 4; lastKnownFileType = sourcecode.c.objc; path = KWBlockNode.m; sourceTree = "<group>"; };
		3EFF867414D7DB31002AFC43 /* KWBlockRaiseMatcher.h */ = {isa = PBXFileReference; fileEncoding = 4; lastKnownFileType = sourcecode.c.h; path = KWBlockRaiseMatcher.h; sourceTree = "<group>"; };
		3EFF867514D7DB31002AFC43 /* KWBlockRaiseMatcher.m */ = {isa = PBXFileReference; fileEncoding = 4; lastKnownFileType = sourcecode.c.objc; path = KWBlockRaiseMatcher.m; sourceTree = "<group>"; };
		3EFF867614D7DB31002AFC43 /* KWCallSite.h */ = {isa = PBXFileReference; fileEncoding = 4; lastKnownFileType = sourcecode.c.h; path = KWCallSite.h; sourceTree = "<group>"; };
		3EFF867714D7DB31002AFC43 /* KWCallSite.m */ = {isa = PBXFileReference; fileEncoding = 4; lastKnownFileType = sourcecode.c.objc; path = KWCallSite.m; sourceTree = "<group>"; };
		3EFF867814D7DB31002AFC43 /* KWConformToProtocolMatcher.h */ = {isa = PBXFileReference; fileEncoding = 4; lastKnownFileType = sourcecode.c.h; path = KWConformToProtocolMatcher.h; sourceTree = "<group>"; };
		3EFF867914D7DB31002AFC43 /* KWConformToProtocolMatcher.m */ = {isa = PBXFileReference; fileEncoding = 4; lastKnownFileType = sourcecode.c.objc; path = KWConformToProtocolMatcher.m; sourceTree = "<group>"; };
		3EFF867A14D7DB31002AFC43 /* KWContainMatcher.h */ = {isa = PBXFileReference; fileEncoding = 4; lastKnownFileType = sourcecode.c.h; path = KWContainMatcher.h; sourceTree = "<group>"; };
		3EFF867B14D7DB31002AFC43 /* KWContainMatcher.m */ = {isa = PBXFileReference; fileEncoding = 4; lastKnownFileType = sourcecode.c.objc; path = KWContainMatcher.m; sourceTree = "<group>"; };
		3EFF867C14D7DB31002AFC43 /* KWContextNode.h */ = {isa = PBXFileReference; fileEncoding = 4; lastKnownFileType = sourcecode.c.h; path = KWContextNode.h; sourceTree = "<group>"; };
		3EFF867D14D7DB31002AFC43 /* KWContextNode.m */ = {isa = PBXFileReference; fileEncoding = 4; lastKnownFileType = sourcecode.c.objc; path = KWContextNode.m; sourceTree = "<group>"; };
		3EFF867E14D7DB31002AFC43 /* KWCountType.h */ = {isa = PBXFileReference; fileEncoding = 4; lastKnownFileType = sourcecode.c.h; path = KWCountType.h; sourceTree = "<group>"; };
		3EFF867F14D7DB31002AFC43 /* KWDeviceInfo.h */ = {isa = PBXFileReference; fileEncoding = 4; lastKnownFileType = sourcecode.c.h; path = KWDeviceInfo.h; sourceTree = "<group>"; };
		3EFF868014D7DB31002AFC43 /* KWDeviceInfo.m */ = {isa = PBXFileReference; fileEncoding = 4; lastKnownFileType = sourcecode.c.objc; path = KWDeviceInfo.m; sourceTree = "<group>"; };
		3EFF868114D7DB31002AFC43 /* KWEqualMatcher.h */ = {isa = PBXFileReference; fileEncoding = 4; lastKnownFileType = sourcecode.c.h; path = KWEqualMatcher.h; sourceTree = "<group>"; };
		3EFF868214D7DB31002AFC43 /* KWEqualMatcher.m */ = {isa = PBXFileReference; fileEncoding = 4; lastKnownFileType = sourcecode.c.objc; path = KWEqualMatcher.m; sourceTree = "<group>"; };
		3EFF868314D7DB31002AFC43 /* KWExample.h */ = {isa = PBXFileReference; fileEncoding = 4; lastKnownFileType = sourcecode.c.h; path = KWExample.h; sourceTree = "<group>"; };
		3EFF868414D7DB31002AFC43 /* KWExample.m */ = {isa = PBXFileReference; fileEncoding = 4; lastKnownFileType = sourcecode.c.objc; path = KWExample.m; sourceTree = "<group>"; };
		3EFF868514D7DB31002AFC43 /* KWExampleGroupBuilder.h */ = {isa = PBXFileReference; fileEncoding = 4; lastKnownFileType = sourcecode.c.h; path = KWExampleGroupBuilder.h; sourceTree = "<group>"; };
		3EFF868614D7DB31002AFC43 /* KWExampleGroupBuilder.m */ = {isa = PBXFileReference; fileEncoding = 4; lastKnownFileType = sourcecode.c.objc; path = KWExampleGroupBuilder.m; sourceTree = "<group>"; };
		3EFF868714D7DB31002AFC43 /* KWExampleGroupDelegate.h */ = {isa = PBXFileReference; fileEncoding = 4; lastKnownFileType = sourcecode.c.h; path = KWExampleGroupDelegate.h; sourceTree = "<group>"; };
		3EFF868814D7DB31002AFC43 /* KWExampleNode.h */ = {isa = PBXFileReference; fileEncoding = 4; lastKnownFileType = sourcecode.c.h; path = KWExampleNode.h; sourceTree = "<group>"; };
		3EFF868914D7DB31002AFC43 /* KWExampleNodeVisitor.h */ = {isa = PBXFileReference; fileEncoding = 4; lastKnownFileType = sourcecode.c.h; path = KWExampleNodeVisitor.h; sourceTree = "<group>"; };
		3EFF868A14D7DB31002AFC43 /* KWExampleSuite.h */ = {isa = PBXFileReference; fileEncoding = 4; lastKnownFileType = sourcecode.c.h; path = KWExampleSuite.h; sourceTree = "<group>"; };
		3EFF868B14D7DB31002AFC43 /* KWExampleSuite.m */ = {isa = PBXFileReference; fileEncoding = 4; lastKnownFileType = sourcecode.c.objc; path = KWExampleSuite.m; sourceTree = "<group>"; };
		3EFF868C14D7DB31002AFC43 /* KWExistVerifier.h */ = {isa = PBXFileReference; fileEncoding = 4; lastKnownFileType = sourcecode.c.h; path = KWExistVerifier.h; sourceTree = "<group>"; };
		3EFF868D14D7DB31002AFC43 /* KWExistVerifier.m */ = {isa = PBXFileReference; fileEncoding = 4; lastKnownFileType = sourcecode.c.objc; path = KWExistVerifier.m; sourceTree = "<group>"; };
		3EFF868E14D7DB31002AFC43 /* KWExpectationType.h */ = {isa = PBXFileReference; fileEncoding = 4; lastKnownFileType = sourcecode.c.h; path = KWExpectationType.h; sourceTree = "<group>"; };
		3EFF868F14D7DB31002AFC43 /* KWFailure.h */ = {isa = PBXFileReference; fileEncoding = 4; lastKnownFileType = sourcecode.c.h; path = KWFailure.h; sourceTree = "<group>"; };
		3EFF869014D7DB31002AFC43 /* KWFailure.m */ = {isa = PBXFileReference; fileEncoding = 4; lastKnownFileType = sourcecode.c.objc; path = KWFailure.m; sourceTree = "<group>"; };
		3EFF869114D7DB31002AFC43 /* KWFormatter.h */ = {isa = PBXFileReference; fileEncoding = 4; lastKnownFileType = sourcecode.c.h; path = KWFormatter.h; sourceTree = "<group>"; };
		3EFF869214D7DB31002AFC43 /* KWFormatter.m */ = {isa = PBXFileReference; fileEncoding = 4; lastKnownFileType = sourcecode.c.objc; path = KWFormatter.m; sourceTree = "<group>"; };
		3EFF869314D7DB31002AFC43 /* KWFutureObject.h */ = {isa = PBXFileReference; fileEncoding = 4; lastKnownFileType = sourcecode.c.h; path = KWFutureObject.h; sourceTree = "<group>"; };
		3EFF869414D7DB31002AFC43 /* KWFutureObject.m */ = {isa = PBXFileReference; fileEncoding = 4; lastKnownFileType = sourcecode.c.objc; path = KWFutureObject.m; sourceTree = "<group>"; };
		3EFF869514D7DB31002AFC43 /* KWHamcrestMatcher.h */ = {isa = PBXFileReference; fileEncoding = 4; lastKnownFileType = sourcecode.c.h; path = KWHamcrestMatcher.h; sourceTree = "<group>"; };
		3EFF869614D7DB31002AFC43 /* KWHamcrestMatcher.m */ = {isa = PBXFileReference; fileEncoding = 4; lastKnownFileType = sourcecode.c.objc; path = KWHamcrestMatcher.m; sourceTree = "<group>"; };
		3EFF869714D7DB31002AFC43 /* KWHamrestMatchingAdditions.h */ = {isa = PBXFileReference; fileEncoding = 4; lastKnownFileType = sourcecode.c.h; path = KWHamrestMatchingAdditions.h; sourceTree = "<group>"; };
		3EFF869814D7DB31002AFC43 /* KWHamrestMatchingAdditions.m */ = {isa = PBXFileReference; fileEncoding = 4; lastKnownFileType = sourcecode.c.objc; path = KWHamrestMatchingAdditions.m; sourceTree = "<group>"; };
		3EFF869914D7DB31002AFC43 /* KWHaveMatcher.h */ = {isa = PBXFileReference; fileEncoding = 4; lastKnownFileType = sourcecode.c.h; path = KWHaveMatcher.h; sourceTree = "<group>"; };
		3EFF869A14D7DB31002AFC43 /* KWHaveMatcher.m */ = {isa = PBXFileReference; fileEncoding = 4; lastKnownFileType = sourcecode.c.objc; path = KWHaveMatcher.m; sourceTree = "<group>"; };
		3EFF869B14D7DB31002AFC43 /* KWHaveValueMatcher.h */ = {isa = PBXFileReference; fileEncoding = 4; lastKnownFileType = sourcecode.c.h; path = KWHaveValueMatcher.h; sourceTree = "<group>"; };
		3EFF869C14D7DB31002AFC43 /* KWHaveValueMatcher.m */ = {isa = PBXFileReference; fileEncoding = 4; lastKnownFileType = sourcecode.c.objc; path = KWHaveValueMatcher.m; sourceTree = "<group>"; };
		3EFF869D14D7DB31002AFC43 /* KWHCMatcher.h */ = {isa = PBXFileReference; fileEncoding = 4; lastKnownFileType = sourcecode.c.h; path = KWHCMatcher.h; sourceTree = "<group>"; };
		3EFF869E14D7DB31002AFC43 /* KWInequalityMatcher.h */ = {isa = PBXFileReference; fileEncoding = 4; lastKnownFileType = sourcecode.c.h; path = KWInequalityMatcher.h; sourceTree = "<group>"; };
		3EFF869F14D7DB31002AFC43 /* KWInequalityMatcher.m */ = {isa = PBXFileReference; fileEncoding = 4; lastKnownFileType = sourcecode.c.objc; path = KWInequalityMatcher.m; sourceTree = "<group>"; };
		3EFF86A014D7DB31002AFC43 /* KWIntercept.h */ = {isa = PBXFileReference; fileEncoding = 4; lastKnownFileType = sourcecode.c.h; path = KWIntercept.h; sourceTree = "<group>"; };
		3EFF86A114D7DB31002AFC43 /* KWIntercept.m */ = {isa = PBXFileReference; fileEncoding = 4; lastKnownFileType = sourcecode.c.objc; path = KWIntercept.m; sourceTree = "<group>"; };
		3EFF86A214D7DB31002AFC43 /* KWInvocationCapturer.h */ = {isa = PBXFileReference; fileEncoding = 4; lastKnownFileType = sourcecode.c.h; path = KWInvocationCapturer.h; sourceTree = "<group>"; };
		3EFF86A314D7DB31002AFC43 /* KWInvocationCapturer.m */ = {isa = PBXFileReference; fileEncoding = 4; lastKnownFileType = sourcecode.c.objc; path = KWInvocationCapturer.m; sourceTree = "<group>"; };
		3EFF86A414D7DB31002AFC43 /* KWItNode.h */ = {isa = PBXFileReference; fileEncoding = 4; lastKnownFileType = sourcecode.c.h; path = KWItNode.h; sourceTree = "<group>"; };
		3EFF86A514D7DB31002AFC43 /* KWItNode.m */ = {isa = PBXFileReference; fileEncoding = 4; lastKnownFileType = sourcecode.c.objc; path = KWItNode.m; sourceTree = "<group>"; };
		3EFF86A614D7DB31002AFC43 /* KWMatcher.h */ = {isa = PBXFileReference; fileEncoding = 4; lastKnownFileType = sourcecode.c.h; path = KWMatcher.h; sourceTree = "<group>"; };
		3EFF86A714D7DB31002AFC43 /* KWMatcher.m */ = {isa = PBXFileReference; fileEncoding = 4; lastKnownFileType = sourcecode.c.objc; path = KWMatcher.m; sourceTree = "<group>"; };
		3EFF86A814D7DB31002AFC43 /* KWMatcherFactory.h */ = {isa = PBXFileReference; fileEncoding = 4; lastKnownFileType = sourcecode.c.h; path = KWMatcherFactory.h; sourceTree = "<group>"; };
		3EFF86A914D7DB31002AFC43 /* KWMatcherFactory.m */ = {isa = PBXFileReference; fileEncoding = 4; lastKnownFileType = sourcecode.c.objc; path = KWMatcherFactory.m; sourceTree = "<group>"; };
		3EFF86AA14D7DB31002AFC43 /* KWMatchers.h */ = {isa = PBXFileReference; fileEncoding = 4; lastKnownFileType = sourcecode.c.h; path = KWMatchers.h; sourceTree = "<group>"; };
		3EFF86AB14D7DB31002AFC43 /* KWMatchers.m */ = {isa = PBXFileReference; fileEncoding = 4; lastKnownFileType = sourcecode.c.objc; path = KWMatchers.m; sourceTree = "<group>"; };
		3EFF86AC14D7DB31002AFC43 /* KWMatching.h */ = {isa = PBXFileReference; fileEncoding = 4; lastKnownFileType = sourcecode.c.h; path = KWMatching.h; sourceTree = "<group>"; };
		3EFF86AD14D7DB31002AFC43 /* KWMatchVerifier.h */ = {isa = PBXFileReference; fileEncoding = 4; lastKnownFileType = sourcecode.c.h; path = KWMatchVerifier.h; sourceTree = "<group>"; };
		3EFF86AE14D7DB31002AFC43 /* KWMatchVerifier.m */ = {isa = PBXFileReference; fileEncoding = 4; lastKnownFileType = sourcecode.c.objc; path = KWMatchVerifier.m; sourceTree = "<group>"; };
		3EFF86AF14D7DB31002AFC43 /* KWMessagePattern.h */ = {isa = PBXFileReference; fileEncoding = 4; lastKnownFileType = sourcecode.c.h; path = KWMessagePattern.h; sourceTree = "<group>"; };
		3EFF86B014D7DB31002AFC43 /* KWMessagePattern.m */ = {isa = PBXFileReference; fileEncoding = 4; lastKnownFileType = sourcecode.c.objc; path = KWMessagePattern.m; sourceTree = "<group>"; };
		3EFF86B114D7DB31002AFC43 /* KWMessageSpying.h */ = {isa = PBXFileReference; fileEncoding = 4; lastKnownFileType = sourcecode.c.h; path = KWMessageSpying.h; sourceTree = "<group>"; };
		3EFF86B214D7DB31002AFC43 /* KWMessageTracker.h */ = {isa = PBXFileReference; fileEncoding = 4; lastKnownFileType = sourcecode.c.h; path = KWMessageTracker.h; sourceTree = "<group>"; };
		3EFF86B314D7DB31002AFC43 /* KWMessageTracker.m */ = {isa = PBXFileReference; fileEncoding = 4; lastKnownFileType = sourcecode.c.objc; path = KWMessageTracker.m; sourceTree = "<group>"; };
		3EFF86B414D7DB31002AFC43 /* KWMock.h */ = {isa = PBXFileReference; fileEncoding = 4; lastKnownFileType = sourcecode.c.h; path = KWMock.h; sourceTree = "<group>"; };
		3EFF86B514D7DB31002AFC43 /* KWMock.m */ = {isa = PBXFileReference; fileEncoding = 4; lastKnownFileType = sourcecode.c.objc; path = KWMock.m; sourceTree = "<group>"; };
		3EFF86B614D7DB31002AFC43 /* KWNull.h */ = {isa = PBXFileReference; fileEncoding = 4; lastKnownFileType = sourcecode.c.h; path = KWNull.h; sourceTree = "<group>"; };
		3EFF86B714D7DB31002AFC43 /* KWNull.m */ = {isa = PBXFileReference; fileEncoding = 4; lastKnownFileType = sourcecode.c.objc; path = KWNull.m; sourceTree = "<group>"; };
		3EFF86B814D7DB31002AFC43 /* KWObjCUtilities.h */ = {isa = PBXFileReference; fileEncoding = 4; lastKnownFileType = sourcecode.c.h; path = KWObjCUtilities.h; sourceTree = "<group>"; };
		3EFF86B914D7DB31002AFC43 /* KWObjCUtilities.m */ = {isa = PBXFileReference; fileEncoding = 4; lastKnownFileType = sourcecode.c.objc; path = KWObjCUtilities.m; sourceTree = "<group>"; };
		3EFF86BA14D7DB31002AFC43 /* KWPendingNode.h */ = {isa = PBXFileReference; fileEncoding = 4; lastKnownFileType = sourcecode.c.h; path = KWPendingNode.h; sourceTree = "<group>"; };
		3EFF86BB14D7DB31002AFC43 /* KWPendingNode.m */ = {isa = PBXFileReference; fileEncoding = 4; lastKnownFileType = sourcecode.c.objc; path = KWPendingNode.m; sourceTree = "<group>"; };
		3EFF86BC14D7DB31002AFC43 /* KWProbe.h */ = {isa = PBXFileReference; fileEncoding = 4; lastKnownFileType = sourcecode.c.h; path = KWProbe.h; sourceTree = "<group>"; };
		3EFF86BD14D7DB31002AFC43 /* KWProbePoller.h */ = {isa = PBXFileReference; fileEncoding = 4; lastKnownFileType = sourcecode.c.h; path = KWProbePoller.h; sourceTree = "<group>"; };
		3EFF86BE14D7DB31002AFC43 /* KWProbePoller.m */ = {isa = PBXFileReference; fileEncoding = 4; lastKnownFileType = sourcecode.c.objc; path = KWProbePoller.m; sourceTree = "<group>"; };
		3EFF86BF14D7DB31002AFC43 /* KWRaiseMatcher.h */ = {isa = PBXFileReference; fileEncoding = 4; lastKnownFileType = sourcecode.c.h; path = KWRaiseMatcher.h; sourceTree = "<group>"; };
		3EFF86C014D7DB31002AFC43 /* KWRaiseMatcher.m */ = {isa = PBXFileReference; fileEncoding = 4; lastKnownFileType = sourcecode.c.objc; path = KWRaiseMatcher.m; sourceTree = "<group>"; };
		3EFF86C114D7DB31002AFC43 /* KWReceiveMatcher.h */ = {isa = PBXFileReference; fileEncoding = 4; lastKnownFileType = sourcecode.c.h; path = KWReceiveMatcher.h; sourceTree = "<group>"; };
		3EFF86C214D7DB31002AFC43 /* KWReceiveMatcher.m */ = {isa = PBXFileReference; fileEncoding = 4; lastKnownFileType = sourcecode.c.objc; path = KWReceiveMatcher.m; sourceTree = "<group>"; };
		3EFF86C314D7DB31002AFC43 /* KWRegisterMatchersNode.h */ = {isa = PBXFileReference; fileEncoding = 4; lastKnownFileType = sourcecode.c.h; path = KWRegisterMatchersNode.h; sourceTree = "<group>"; };
		3EFF86C414D7DB31002AFC43 /* KWRegisterMatchersNode.m */ = {isa = PBXFileReference; fileEncoding = 4; lastKnownFileType = sourcecode.c.objc; path = KWRegisterMatchersNode.m; sourceTree = "<group>"; };
		3EFF86C514D7DB31002AFC43 /* KWReporting.h */ = {isa = PBXFileReference; fileEncoding = 4; lastKnownFileType = sourcecode.c.h; path = KWReporting.h; sourceTree = "<group>"; };
		3EFF86C614D7DB31002AFC43 /* KWRespondToSelectorMatcher.h */ = {isa = PBXFileReference; fileEncoding = 4; lastKnownFileType = sourcecode.c.h; path = KWRespondToSelectorMatcher.h; sourceTree = "<group>"; };
		3EFF86C714D7DB31002AFC43 /* KWRespondToSelectorMatcher.m */ = {isa = PBXFileReference; fileEncoding = 4; lastKnownFileType = sourcecode.c.objc; path = KWRespondToSelectorMatcher.m; sourceTree = "<group>"; };
		3EFF86C814D7DB31002AFC43 /* KWSpec.h */ = {isa = PBXFileReference; fileEncoding = 4; lastKnownFileType = sourcecode.c.h; path = KWSpec.h; sourceTree = "<group>"; };
		3EFF86C914D7DB31002AFC43 /* KWSpec.m */ = {isa = PBXFileReference; fileEncoding = 4; lastKnownFileType = sourcecode.c.objc; path = KWSpec.m; sourceTree = "<group>"; };
		3EFF86CA14D7DB31002AFC43 /* KWStringUtilities.h */ = {isa = PBXFileReference; fileEncoding = 4; lastKnownFileType = sourcecode.c.h; path = KWStringUtilities.h; sourceTree = "<group>"; };
		3EFF86CB14D7DB31002AFC43 /* KWStringUtilities.m */ = {isa = PBXFileReference; fileEncoding = 4; lastKnownFileType = sourcecode.c.objc; path = KWStringUtilities.m; sourceTree = "<group>"; };
		3EFF86CC14D7DB31002AFC43 /* KWStub.h */ = {isa = PBXFileReference; fileEncoding = 4; lastKnownFileType = sourcecode.c.h; path = KWStub.h; sourceTree = "<group>"; };
		3EFF86CD14D7DB31002AFC43 /* KWStub.m */ = {isa = PBXFileReference; fileEncoding = 4; lastKnownFileType = sourcecode.c.objc; path = KWStub.m; sourceTree = "<group>"; };
		3EFF86CE14D7DB31002AFC43 /* KWTestCase.h */ = {isa = PBXFileReference; fileEncoding = 4; lastKnownFileType = sourcecode.c.h; path = KWTestCase.h; sourceTree = "<group>"; };
		3EFF86CF14D7DB31002AFC43 /* KWTestCase.m */ = {isa = PBXFileReference; fileEncoding = 4; lastKnownFileType = sourcecode.c.objc; path = KWTestCase.m; sourceTree = "<group>"; };
		3EFF86D014D7DB31002AFC43 /* KWUserDefinedMatcher.h */ = {isa = PBXFileReference; fileEncoding = 4; lastKnownFileType = sourcecode.c.h; path = KWUserDefinedMatcher.h; sourceTree = "<group>"; };
		3EFF86D114D7DB31002AFC43 /* KWUserDefinedMatcher.m */ = {isa = PBXFileReference; fileEncoding = 4; lastKnownFileType = sourcecode.c.objc; path = KWUserDefinedMatcher.m; sourceTree = "<group>"; };
		3EFF86D214D7DB31002AFC43 /* KWValue.h */ = {isa = PBXFileReference; fileEncoding = 4; lastKnownFileType = sourcecode.c.h; path = KWValue.h; sourceTree = "<group>"; };
		3EFF86D314D7DB31002AFC43 /* KWValue.m */ = {isa = PBXFileReference; fileEncoding = 4; lastKnownFileType = sourcecode.c.objc; path = KWValue.m; sourceTree = "<group>"; };
		3EFF86D414D7DB31002AFC43 /* KWVerifying.h */ = {isa = PBXFileReference; fileEncoding = 4; lastKnownFileType = sourcecode.c.h; path = KWVerifying.h; sourceTree = "<group>"; };
		3EFF86D514D7DB31002AFC43 /* KWWorkarounds.h */ = {isa = PBXFileReference; fileEncoding = 4; lastKnownFileType = sourcecode.c.h; path = KWWorkarounds.h; sourceTree = "<group>"; };
		3EFF86D614D7DB31002AFC43 /* KWWorkarounds.m */ = {isa = PBXFileReference; fileEncoding = 4; lastKnownFileType = sourcecode.c.objc; path = KWWorkarounds.m; sourceTree = "<group>"; };
		3EFF86D714D7DB31002AFC43 /* NSInvocation+KiwiAdditions.h */ = {isa = PBXFileReference; fileEncoding = 4; lastKnownFileType = sourcecode.c.h; path = "NSInvocation+KiwiAdditions.h"; sourceTree = "<group>"; };
		3EFF86D814D7DB31002AFC43 /* NSInvocation+KiwiAdditions.m */ = {isa = PBXFileReference; fileEncoding = 4; lastKnownFileType = sourcecode.c.objc; path = "NSInvocation+KiwiAdditions.m"; sourceTree = "<group>"; };
		3EFF86D914D7DB31002AFC43 /* NSMethodSignature+KiwiAdditions.h */ = {isa = PBXFileReference; fileEncoding = 4; lastKnownFileType = sourcecode.c.h; path = "NSMethodSignature+KiwiAdditions.h"; sourceTree = "<group>"; };
		3EFF86DA14D7DB31002AFC43 /* NSMethodSignature+KiwiAdditions.m */ = {isa = PBXFileReference; fileEncoding = 4; lastKnownFileType = sourcecode.c.objc; path = "NSMethodSignature+KiwiAdditions.m"; sourceTree = "<group>"; };
		3EFF86DB14D7DB31002AFC43 /* NSNumber+KiwiAdditions.h */ = {isa = PBXFileReference; fileEncoding = 4; lastKnownFileType = sourcecode.c.h; path = "NSNumber+KiwiAdditions.h"; sourceTree = "<group>"; };
		3EFF86DC14D7DB31002AFC43 /* NSNumber+KiwiAdditions.m */ = {isa = PBXFileReference; fileEncoding = 4; lastKnownFileType = sourcecode.c.objc; path = "NSNumber+KiwiAdditions.m"; sourceTree = "<group>"; };
		3EFF86DD14D7DB31002AFC43 /* NSObject+KiwiMockAdditions.h */ = {isa = PBXFileReference; fileEncoding = 4; lastKnownFileType = sourcecode.c.h; path = "NSObject+KiwiMockAdditions.h"; sourceTree = "<group>"; };
		3EFF86DE14D7DB31002AFC43 /* NSObject+KiwiMockAdditions.m */ = {isa = PBXFileReference; fileEncoding = 4; lastKnownFileType = sourcecode.c.objc; path = "NSObject+KiwiMockAdditions.m"; sourceTree = "<group>"; };
		3EFF86DF14D7DB31002AFC43 /* NSObject+KiwiStubAdditions.h */ = {isa = PBXFileReference; fileEncoding = 4; lastKnownFileType = sourcecode.c.h; path = "NSObject+KiwiStubAdditions.h"; sourceTree = "<group>"; };
		3EFF86E014D7DB31002AFC43 /* NSObject+KiwiStubAdditions.m */ = {isa = PBXFileReference; fileEncoding = 4; lastKnownFileType = sourcecode.c.objc; path = "NSObject+KiwiStubAdditions.m"; sourceTree = "<group>"; };
		3EFF86E114D7DB31002AFC43 /* NSObject+KiwiVerifierAdditions.h */ = {isa = PBXFileReference; fileEncoding = 4; lastKnownFileType = sourcecode.c.h; path = "NSObject+KiwiVerifierAdditions.h"; sourceTree = "<group>"; };
		3EFF86E214D7DB31002AFC43 /* NSObject+KiwiVerifierAdditions.m */ = {isa = PBXFileReference; fileEncoding = 4; lastKnownFileType = sourcecode.c.objc; path = "NSObject+KiwiVerifierAdditions.m"; sourceTree = "<group>"; };
		3EFF86E314D7DB31002AFC43 /* NSValue+KiwiAdditions.h */ = {isa = PBXFileReference; fileEncoding = 4; lastKnownFileType = sourcecode.c.h; path = "NSValue+KiwiAdditions.h"; sourceTree = "<group>"; };
		3EFF86E414D7DB31002AFC43 /* NSValue+KiwiAdditions.m */ = {isa = PBXFileReference; fileEncoding = 4; lastKnownFileType = sourcecode.c.objc; path = "NSValue+KiwiAdditions.m"; sourceTree = "<group>"; };
		3EFF86E514D7DB31002AFC43 /* Kiwi.xcodeproj */ = {isa = PBXFileReference; lastKnownFileType = "wrapper.pb-project"; path = Kiwi.xcodeproj; sourceTree = "<group>"; };
/* End PBXFileReference section */

/* Begin PBXFrameworksBuildPhase section */
		3EF2845514D7C14400768794 /* Frameworks */ = {
			isa = PBXFrameworksBuildPhase;
			buildActionMask = 2147483647;
			files = (
				3EF2845D14D7C14400768794 /* UIKit.framework in Frameworks */,
				3EF2845F14D7C14400768794 /* Foundation.framework in Frameworks */,
				3EF2846114D7C14400768794 /* CoreGraphics.framework in Frameworks */,
			);
			runOnlyForDeploymentPostprocessing = 0;
		};
		3EF2849E14D7D43300768794 /* Frameworks */ = {
			isa = PBXFrameworksBuildPhase;
			buildActionMask = 2147483647;
			files = (
				3EF284A414D7D43300768794 /* SenTestingKit.framework in Frameworks */,
				3EF284A514D7D43300768794 /* UIKit.framework in Frameworks */,
				3EF284A614D7D43300768794 /* Foundation.framework in Frameworks */,
			);
			runOnlyForDeploymentPostprocessing = 0;
		};
/* End PBXFrameworksBuildPhase section */

/* Begin PBXGroup section */
		3EF2844D14D7C14400768794 = {
			isa = PBXGroup;
			children = (
				3EF2846214D7C14400768794 /* KiwiTestProj */,
				3EF284A714D7D43300768794 /* KiwiTarget */,
				3EF2845B14D7C14400768794 /* Frameworks */,
				3EF2845914D7C14400768794 /* Products */,
			);
			sourceTree = "<group>";
		};
		3EF2845914D7C14400768794 /* Products */ = {
			isa = PBXGroup;
			children = (
				3EF2845814D7C14400768794 /* KiwiTestProj.app */,
				3EF284A214D7D43300768794 /* KiwiTarget.octest */,
			);
			name = Products;
			sourceTree = "<group>";
		};
		3EF2845B14D7C14400768794 /* Frameworks */ = {
			isa = PBXGroup;
			children = (
				3EF2845C14D7C14400768794 /* UIKit.framework */,
				3EF2845E14D7C14400768794 /* Foundation.framework */,
				3EF2846014D7C14400768794 /* CoreGraphics.framework */,
				3EF284A314D7D43300768794 /* SenTestingKit.framework */,
			);
			name = Frameworks;
			sourceTree = "<group>";
		};
		3EF2846214D7C14400768794 /* KiwiTestProj */ = {
			isa = PBXGroup;
			children = (
				3EF2846B14D7C14400768794 /* AppDelegate.h */,
				3EF2846C14D7C14400768794 /* AppDelegate.m */,
				3EF2846314D7C14400768794 /* Supporting Files */,
			);
			path = KiwiTestProj;
			sourceTree = "<group>";
		};
		3EF2846314D7C14400768794 /* Supporting Files */ = {
			isa = PBXGroup;
			children = (
				3EF2846414D7C14400768794 /* KiwiTestProj-Info.plist */,
				3EF2846514D7C14400768794 /* InfoPlist.strings */,
				3EF2846814D7C14400768794 /* main.m */,
				3EF2846A14D7C14400768794 /* KiwiTestProj-Prefix.pch */,
			);
			name = "Supporting Files";
			sourceTree = "<group>";
		};
		3EF284A714D7D43300768794 /* KiwiTarget */ = {
			isa = PBXGroup;
			children = (
				3EFF864B14D7DB31002AFC43 /* Kiwi */,
				3EF284AD14D7D43300768794 /* KiwiTarget.h */,
				3EF284AE14D7D43300768794 /* KiwiTarget.m */,
				3EF287A614D7D69900768794 /* SimpleSpec2.h */,
				3EF287A714D7D69900768794 /* SimpleSpec2.m */,
				3EF284A814D7D43300768794 /* Supporting Files */,
			);
			path = KiwiTarget;
			sourceTree = "<group>";
		};
		3EF284A814D7D43300768794 /* Supporting Files */ = {
			isa = PBXGroup;
			children = (
				3EF284A914D7D43300768794 /* KiwiTarget-Info.plist */,
				3EF284AA14D7D43300768794 /* InfoPlist.strings */,
				3EF284B014D7D43300768794 /* KiwiTarget-Prefix.pch */,
			);
			name = "Supporting Files";
			sourceTree = "<group>";
		};
		3EFF864B14D7DB31002AFC43 /* Kiwi */ = {
			isa = PBXGroup;
			children = (
				3EFF864C14D7DB31002AFC43 /* Kiwi */,
				3EFF86E514D7DB31002AFC43 /* Kiwi.xcodeproj */,
			);
			path = Kiwi;
			sourceTree = "<group>";
		};
		3EFF864C14D7DB31002AFC43 /* Kiwi */ = {
			isa = PBXGroup;
			children = (
				3EFF864D14D7DB31002AFC43 /* Kiwi.h */,
				3EFF864E14D7DB31002AFC43 /* KiwiBlockMacros.h */,
				3EFF864F14D7DB31002AFC43 /* KiwiConfiguration.h */,
				3EFF865014D7DB31002AFC43 /* KiwiMacros.h */,
				3EFF865114D7DB31002AFC43 /* KiwiNewMacros.h */,
				3EFF865214D7DB31002AFC43 /* KWAfterAllNode.h */,
				3EFF865314D7DB31002AFC43 /* KWAfterAllNode.m */,
				3EFF865414D7DB31002AFC43 /* KWAfterEachNode.h */,
				3EFF865514D7DB31002AFC43 /* KWAfterEachNode.m */,
				3EFF865614D7DB31002AFC43 /* KWAsyncVerifier.h */,
				3EFF865714D7DB31002AFC43 /* KWAsyncVerifier.m */,
				3EFF865814D7DB31002AFC43 /* KWBeBetweenMatcher.h */,
				3EFF865914D7DB31002AFC43 /* KWBeBetweenMatcher.m */,
				3EFF865A14D7DB31002AFC43 /* KWBeEmptyMatcher.h */,
				3EFF865B14D7DB31002AFC43 /* KWBeEmptyMatcher.m */,
				3EFF865C14D7DB31002AFC43 /* KWBeforeAllNode.h */,
				3EFF865D14D7DB31002AFC43 /* KWBeforeAllNode.m */,
				3EFF865E14D7DB31002AFC43 /* KWBeforeEachNode.h */,
				3EFF865F14D7DB31002AFC43 /* KWBeforeEachNode.m */,
				3EFF866014D7DB31002AFC43 /* KWBeIdenticalToMatcher.h */,
				3EFF866114D7DB31002AFC43 /* KWBeIdenticalToMatcher.m */,
				3EFF866214D7DB31002AFC43 /* KWBeKindOfClassMatcher.h */,
				3EFF866314D7DB31002AFC43 /* KWBeKindOfClassMatcher.m */,
				3EFF866414D7DB31002AFC43 /* KWBeMemberOfClassMatcher.h */,
				3EFF866514D7DB31002AFC43 /* KWBeMemberOfClassMatcher.m */,
				3EFF866614D7DB31002AFC43 /* KWBeNilMatcher.h */,
				3EFF866714D7DB31002AFC43 /* KWBeNilMatcher.m */,
				3EFF866814D7DB31002AFC43 /* KWBeNonNilMatcher.h */,
				3EFF866914D7DB31002AFC43 /* KWBeNonNilMatcher.m */,
				3EFF866A14D7DB31002AFC43 /* KWBeTrueMatcher.h */,
				3EFF866B14D7DB31002AFC43 /* KWBeTrueMatcher.m */,
				3EFF866C14D7DB31002AFC43 /* KWBeWithinMatcher.h */,
				3EFF866D14D7DB31002AFC43 /* KWBeWithinMatcher.m */,
				3EFF866E14D7DB31002AFC43 /* KWBeZeroMatcher.h */,
				3EFF866F14D7DB31002AFC43 /* KWBeZeroMatcher.m */,
				3EFF867014D7DB31002AFC43 /* KWBlock.h */,
				3EFF867114D7DB31002AFC43 /* KWBlock.m */,
				3EFF867214D7DB31002AFC43 /* KWBlockNode.h */,
				3EFF867314D7DB31002AFC43 /* KWBlockNode.m */,
				3EFF867414D7DB31002AFC43 /* KWBlockRaiseMatcher.h */,
				3EFF867514D7DB31002AFC43 /* KWBlockRaiseMatcher.m */,
				3EFF867614D7DB31002AFC43 /* KWCallSite.h */,
				3EFF867714D7DB31002AFC43 /* KWCallSite.m */,
				3EFF867814D7DB31002AFC43 /* KWConformToProtocolMatcher.h */,
				3EFF867914D7DB31002AFC43 /* KWConformToProtocolMatcher.m */,
				3EFF867A14D7DB31002AFC43 /* KWContainMatcher.h */,
				3EFF867B14D7DB31002AFC43 /* KWContainMatcher.m */,
				3EFF867C14D7DB31002AFC43 /* KWContextNode.h */,
				3EFF867D14D7DB31002AFC43 /* KWContextNode.m */,
				3EFF867E14D7DB31002AFC43 /* KWCountType.h */,
				3EFF867F14D7DB31002AFC43 /* KWDeviceInfo.h */,
				3EFF868014D7DB31002AFC43 /* KWDeviceInfo.m */,
				3EFF868114D7DB31002AFC43 /* KWEqualMatcher.h */,
				3EFF868214D7DB31002AFC43 /* KWEqualMatcher.m */,
				3EFF868314D7DB31002AFC43 /* KWExample.h */,
				3EFF868414D7DB31002AFC43 /* KWExample.m */,
				3EFF868514D7DB31002AFC43 /* KWExampleGroupBuilder.h */,
				3EFF868614D7DB31002AFC43 /* KWExampleGroupBuilder.m */,
				3EFF868714D7DB31002AFC43 /* KWExampleGroupDelegate.h */,
				3EFF868814D7DB31002AFC43 /* KWExampleNode.h */,
				3EFF868914D7DB31002AFC43 /* KWExampleNodeVisitor.h */,
				3EFF868A14D7DB31002AFC43 /* KWExampleSuite.h */,
				3EFF868B14D7DB31002AFC43 /* KWExampleSuite.m */,
				3EFF868C14D7DB31002AFC43 /* KWExistVerifier.h */,
				3EFF868D14D7DB31002AFC43 /* KWExistVerifier.m */,
				3EFF868E14D7DB31002AFC43 /* KWExpectationType.h */,
				3EFF868F14D7DB31002AFC43 /* KWFailure.h */,
				3EFF869014D7DB31002AFC43 /* KWFailure.m */,
				3EFF869114D7DB31002AFC43 /* KWFormatter.h */,
				3EFF869214D7DB31002AFC43 /* KWFormatter.m */,
				3EFF869314D7DB31002AFC43 /* KWFutureObject.h */,
				3EFF869414D7DB31002AFC43 /* KWFutureObject.m */,
				3EFF869514D7DB31002AFC43 /* KWHamcrestMatcher.h */,
				3EFF869614D7DB31002AFC43 /* KWHamcrestMatcher.m */,
				3EFF869714D7DB31002AFC43 /* KWHamrestMatchingAdditions.h */,
				3EFF869814D7DB31002AFC43 /* KWHamrestMatchingAdditions.m */,
				3EFF869914D7DB31002AFC43 /* KWHaveMatcher.h */,
				3EFF869A14D7DB31002AFC43 /* KWHaveMatcher.m */,
				3EFF869B14D7DB31002AFC43 /* KWHaveValueMatcher.h */,
				3EFF869C14D7DB31002AFC43 /* KWHaveValueMatcher.m */,
				3EFF869D14D7DB31002AFC43 /* KWHCMatcher.h */,
				3EFF869E14D7DB31002AFC43 /* KWInequalityMatcher.h */,
				3EFF869F14D7DB31002AFC43 /* KWInequalityMatcher.m */,
				3EFF86A014D7DB31002AFC43 /* KWIntercept.h */,
				3EFF86A114D7DB31002AFC43 /* KWIntercept.m */,
				3EFF86A214D7DB31002AFC43 /* KWInvocationCapturer.h */,
				3EFF86A314D7DB31002AFC43 /* KWInvocationCapturer.m */,
				3EFF86A414D7DB31002AFC43 /* KWItNode.h */,
				3EFF86A514D7DB31002AFC43 /* KWItNode.m */,
				3EFF86A614D7DB31002AFC43 /* KWMatcher.h */,
				3EFF86A714D7DB31002AFC43 /* KWMatcher.m */,
				3EFF86A814D7DB31002AFC43 /* KWMatcherFactory.h */,
				3EFF86A914D7DB31002AFC43 /* KWMatcherFactory.m */,
				3EFF86AA14D7DB31002AFC43 /* KWMatchers.h */,
				3EFF86AB14D7DB31002AFC43 /* KWMatchers.m */,
				3EFF86AC14D7DB31002AFC43 /* KWMatching.h */,
				3EFF86AD14D7DB31002AFC43 /* KWMatchVerifier.h */,
				3EFF86AE14D7DB31002AFC43 /* KWMatchVerifier.m */,
				3EFF86AF14D7DB31002AFC43 /* KWMessagePattern.h */,
				3EFF86B014D7DB31002AFC43 /* KWMessagePattern.m */,
				3EFF86B114D7DB31002AFC43 /* KWMessageSpying.h */,
				3EFF86B214D7DB31002AFC43 /* KWMessageTracker.h */,
				3EFF86B314D7DB31002AFC43 /* KWMessageTracker.m */,
				3EFF86B414D7DB31002AFC43 /* KWMock.h */,
				3EFF86B514D7DB31002AFC43 /* KWMock.m */,
				3EFF86B614D7DB31002AFC43 /* KWNull.h */,
				3EFF86B714D7DB31002AFC43 /* KWNull.m */,
				3EFF86B814D7DB31002AFC43 /* KWObjCUtilities.h */,
				3EFF86B914D7DB31002AFC43 /* KWObjCUtilities.m */,
				3EFF86BA14D7DB31002AFC43 /* KWPendingNode.h */,
				3EFF86BB14D7DB31002AFC43 /* KWPendingNode.m */,
				3EFF86BC14D7DB31002AFC43 /* KWProbe.h */,
				3EFF86BD14D7DB31002AFC43 /* KWProbePoller.h */,
				3EFF86BE14D7DB31002AFC43 /* KWProbePoller.m */,
				3EFF86BF14D7DB31002AFC43 /* KWRaiseMatcher.h */,
				3EFF86C014D7DB31002AFC43 /* KWRaiseMatcher.m */,
				3EFF86C114D7DB31002AFC43 /* KWReceiveMatcher.h */,
				3EFF86C214D7DB31002AFC43 /* KWReceiveMatcher.m */,
				3EFF86C314D7DB31002AFC43 /* KWRegisterMatchersNode.h */,
				3EFF86C414D7DB31002AFC43 /* KWRegisterMatchersNode.m */,
				3EFF86C514D7DB31002AFC43 /* KWReporting.h */,
				3EFF86C614D7DB31002AFC43 /* KWRespondToSelectorMatcher.h */,
				3EFF86C714D7DB31002AFC43 /* KWRespondToSelectorMatcher.m */,
				3EFF86C814D7DB31002AFC43 /* KWSpec.h */,
				3EFF86C914D7DB31002AFC43 /* KWSpec.m */,
				3EFF86CA14D7DB31002AFC43 /* KWStringUtilities.h */,
				3EFF86CB14D7DB31002AFC43 /* KWStringUtilities.m */,
				3EFF86CC14D7DB31002AFC43 /* KWStub.h */,
				3EFF86CD14D7DB31002AFC43 /* KWStub.m */,
				3EFF86CE14D7DB31002AFC43 /* KWTestCase.h */,
				3EFF86CF14D7DB31002AFC43 /* KWTestCase.m */,
				3EFF86D014D7DB31002AFC43 /* KWUserDefinedMatcher.h */,
				3EFF86D114D7DB31002AFC43 /* KWUserDefinedMatcher.m */,
				3EFF86D214D7DB31002AFC43 /* KWValue.h */,
				3EFF86D314D7DB31002AFC43 /* KWValue.m */,
				3EFF86D414D7DB31002AFC43 /* KWVerifying.h */,
				3EFF86D514D7DB31002AFC43 /* KWWorkarounds.h */,
				3EFF86D614D7DB31002AFC43 /* KWWorkarounds.m */,
				3EFF86D714D7DB31002AFC43 /* NSInvocation+KiwiAdditions.h */,
				3EFF86D814D7DB31002AFC43 /* NSInvocation+KiwiAdditions.m */,
				3EFF86D914D7DB31002AFC43 /* NSMethodSignature+KiwiAdditions.h */,
				3EFF86DA14D7DB31002AFC43 /* NSMethodSignature+KiwiAdditions.m */,
				3EFF86DB14D7DB31002AFC43 /* NSNumber+KiwiAdditions.h */,
				3EFF86DC14D7DB31002AFC43 /* NSNumber+KiwiAdditions.m */,
				3EFF86DD14D7DB31002AFC43 /* NSObject+KiwiMockAdditions.h */,
				3EFF86DE14D7DB31002AFC43 /* NSObject+KiwiMockAdditions.m */,
				3EFF86DF14D7DB31002AFC43 /* NSObject+KiwiStubAdditions.h */,
				3EFF86E014D7DB31002AFC43 /* NSObject+KiwiStubAdditions.m */,
				3EFF86E114D7DB31002AFC43 /* NSObject+KiwiVerifierAdditions.h */,
				3EFF86E214D7DB31002AFC43 /* NSObject+KiwiVerifierAdditions.m */,
				3EFF86E314D7DB31002AFC43 /* NSValue+KiwiAdditions.h */,
				3EFF86E414D7DB31002AFC43 /* NSValue+KiwiAdditions.m */,
			);
			path = Kiwi;
			sourceTree = "<group>";
		};
		3EFF86E614D7DB31002AFC43 /* Products */ = {
			isa = PBXGroup;
			children = (
				3EFF873314D7DB31002AFC43 /* libKiwi.a */,
				3EFF873514D7DB31002AFC43 /* KiwiTests.octest */,
				3EFF873714D7DB31002AFC43 /* KiwiExamples.octest */,
			);
			name = Products;
			sourceTree = "<group>";
		};
/* End PBXGroup section */

/* Begin PBXNativeTarget section */
		3EF2845714D7C14400768794 /* KiwiTestProj */ = {
			isa = PBXNativeTarget;
			buildConfigurationList = 3EF2847014D7C14400768794 /* Build configuration list for PBXNativeTarget "KiwiTestProj" */;
			buildPhases = (
				3EF2845414D7C14400768794 /* Sources */,
				3EF2845514D7C14400768794 /* Frameworks */,
				3EF2845614D7C14400768794 /* Resources */,
			);
			buildRules = (
			);
			dependencies = (
			);
			name = KiwiTestProj;
			productName = KiwiTestProj;
			productReference = 3EF2845814D7C14400768794 /* KiwiTestProj.app */;
			productType = "com.apple.product-type.application";
		};
		3EF284A114D7D43300768794 /* KiwiTarget */ = {
			isa = PBXNativeTarget;
			buildConfigurationList = 3EF284B314D7D43300768794 /* Build configuration list for PBXNativeTarget "KiwiTarget" */;
			buildPhases = (
				3EF2849D14D7D43300768794 /* Sources */,
				3EF2849E14D7D43300768794 /* Frameworks */,
				3EF2849F14D7D43300768794 /* Resources */,
				3EF284A014D7D43300768794 /* ShellScript */,
			);
			buildRules = (
			);
			dependencies = (
			);
			name = KiwiTarget;
			productName = KiwiTarget;
			productReference = 3EF284A214D7D43300768794 /* KiwiTarget.octest */;
			productType = "com.apple.product-type.bundle";
		};
/* End PBXNativeTarget section */

/* Begin PBXProject section */
		3EF2844F14D7C14400768794 /* Project object */ = {
			isa = PBXProject;
			attributes = {
				LastUpgradeCheck = 0420;
			};
			buildConfigurationList = 3EF2845214D7C14400768794 /* Build configuration list for PBXProject "KiwiTestProj" */;
			compatibilityVersion = "Xcode 3.2";
			developmentRegion = English;
			hasScannedForEncodings = 0;
			knownRegions = (
				en,
			);
			mainGroup = 3EF2844D14D7C14400768794;
			productRefGroup = 3EF2845914D7C14400768794 /* Products */;
			projectDirPath = "";
			projectReferences = (
				{
					ProductGroup = 3EFF86E614D7DB31002AFC43 /* Products */;
					ProjectRef = 3EFF86E514D7DB31002AFC43 /* Kiwi.xcodeproj */;
				},
			);
			projectRoot = "";
			targets = (
				3EF2845714D7C14400768794 /* KiwiTestProj */,
				3EF284A114D7D43300768794 /* KiwiTarget */,
			);
		};
/* End PBXProject section */

/* Begin PBXReferenceProxy section */
		3EFF873314D7DB31002AFC43 /* libKiwi.a */ = {
			isa = PBXReferenceProxy;
			fileType = archive.ar;
			path = libKiwi.a;
			remoteRef = 3EFF873214D7DB31002AFC43 /* PBXContainerItemProxy */;
			sourceTree = BUILT_PRODUCTS_DIR;
		};
		3EFF873514D7DB31002AFC43 /* KiwiTests.octest */ = {
			isa = PBXReferenceProxy;
			fileType = wrapper.cfbundle;
			path = KiwiTests.octest;
			remoteRef = 3EFF873414D7DB31002AFC43 /* PBXContainerItemProxy */;
			sourceTree = BUILT_PRODUCTS_DIR;
		};
		3EFF873714D7DB31002AFC43 /* KiwiExamples.octest */ = {
			isa = PBXReferenceProxy;
			fileType = wrapper.cfbundle;
			path = KiwiExamples.octest;
			remoteRef = 3EFF873614D7DB31002AFC43 /* PBXContainerItemProxy */;
			sourceTree = BUILT_PRODUCTS_DIR;
		};
/* End PBXReferenceProxy section */

/* Begin PBXResourcesBuildPhase section */
		3EF2845614D7C14400768794 /* Resources */ = {
			isa = PBXResourcesBuildPhase;
			buildActionMask = 2147483647;
			files = (
				3EF2846714D7C14400768794 /* InfoPlist.strings in Resources */,
			);
			runOnlyForDeploymentPostprocessing = 0;
		};
		3EF2849F14D7D43300768794 /* Resources */ = {
			isa = PBXResourcesBuildPhase;
			buildActionMask = 2147483647;
			files = (
				3EF284AC14D7D43300768794 /* InfoPlist.strings in Resources */,
			);
			runOnlyForDeploymentPostprocessing = 0;
		};
/* End PBXResourcesBuildPhase section */

/* Begin PBXShellScriptBuildPhase section */
		3EF284A014D7D43300768794 /* ShellScript */ = {
			isa = PBXShellScriptBuildPhase;
			buildActionMask = 2147483647;
			files = (
			);
			inputPaths = (
			);
			outputPaths = (
			);
			runOnlyForDeploymentPostprocessing = 0;
			shellPath = /bin/sh;
			shellScript = "# Run the unit tests in this test bundle.\n\"${SYSTEM_DEVELOPER_DIR}/Tools/RunUnitTests\"\n";
		};
/* End PBXShellScriptBuildPhase section */

/* Begin PBXSourcesBuildPhase section */
		3EF2845414D7C14400768794 /* Sources */ = {
			isa = PBXSourcesBuildPhase;
			buildActionMask = 2147483647;
			files = (
				3EF2846914D7C14400768794 /* main.m in Sources */,
				3EF2846D14D7C14400768794 /* AppDelegate.m in Sources */,
			);
			runOnlyForDeploymentPostprocessing = 0;
		};
		3EF2849D14D7D43300768794 /* Sources */ = {
			isa = PBXSourcesBuildPhase;
			buildActionMask = 2147483647;
			files = (
				3EF284AF14D7D43300768794 /* KiwiTarget.m in Sources */,
				3EF287A814D7D69900768794 /* SimpleSpec2.m in Sources */,
				3EFF86EB14D7DB31002AFC43 /* KWAfterAllNode.m in Sources */,
				3EFF86EC14D7DB31002AFC43 /* KWAfterEachNode.m in Sources */,
				3EFF86ED14D7DB31002AFC43 /* KWAsyncVerifier.m in Sources */,
				3EFF86EE14D7DB31002AFC43 /* KWBeBetweenMatcher.m in Sources */,
				3EFF86EF14D7DB31002AFC43 /* KWBeEmptyMatcher.m in Sources */,
				3EFF86F014D7DB31002AFC43 /* KWBeforeAllNode.m in Sources */,
				3EFF86F114D7DB31002AFC43 /* KWBeforeEachNode.m in Sources */,
				3EFF86F214D7DB31002AFC43 /* KWBeIdenticalToMatcher.m in Sources */,
				3EFF86F314D7DB31002AFC43 /* KWBeKindOfClassMatcher.m in Sources */,
				3EFF86F414D7DB31002AFC43 /* KWBeMemberOfClassMatcher.m in Sources */,
				3EFF86F514D7DB31002AFC43 /* KWBeNilMatcher.m in Sources */,
				3EFF86F614D7DB31002AFC43 /* KWBeNonNilMatcher.m in Sources */,
				3EFF86F714D7DB31002AFC43 /* KWBeTrueMatcher.m in Sources */,
				3EFF86F814D7DB31002AFC43 /* KWBeWithinMatcher.m in Sources */,
				3EFF86F914D7DB31002AFC43 /* KWBeZeroMatcher.m in Sources */,
				3EFF86FA14D7DB31002AFC43 /* KWBlock.m in Sources */,
				3EFF86FB14D7DB31002AFC43 /* KWBlockNode.m in Sources */,
				3EFF86FC14D7DB31002AFC43 /* KWBlockRaiseMatcher.m in Sources */,
				3EFF86FD14D7DB31002AFC43 /* KWCallSite.m in Sources */,
				3EFF86FE14D7DB31002AFC43 /* KWConformToProtocolMatcher.m in Sources */,
				3EFF86FF14D7DB31002AFC43 /* KWContainMatcher.m in Sources */,
				3EFF870014D7DB31002AFC43 /* KWContextNode.m in Sources */,
				3EFF870114D7DB31002AFC43 /* KWDeviceInfo.m in Sources */,
				3EFF870214D7DB31002AFC43 /* KWEqualMatcher.m in Sources */,
				3EFF870314D7DB31002AFC43 /* KWExample.m in Sources */,
				3EFF870414D7DB31002AFC43 /* KWExampleGroupBuilder.m in Sources */,
				3EFF870514D7DB31002AFC43 /* KWExampleSuite.m in Sources */,
				3EFF870614D7DB31002AFC43 /* KWExistVerifier.m in Sources */,
				3EFF870714D7DB31002AFC43 /* KWFailure.m in Sources */,
				3EFF870814D7DB31002AFC43 /* KWFormatter.m in Sources */,
				3EFF870914D7DB31002AFC43 /* KWFutureObject.m in Sources */,
				3EFF870A14D7DB31002AFC43 /* KWHamcrestMatcher.m in Sources */,
				3EFF870B14D7DB31002AFC43 /* KWHamrestMatchingAdditions.m in Sources */,
				3EFF870C14D7DB31002AFC43 /* KWHaveMatcher.m in Sources */,
				3EFF870D14D7DB31002AFC43 /* KWHaveValueMatcher.m in Sources */,
				3EFF870E14D7DB31002AFC43 /* KWInequalityMatcher.m in Sources */,
				3EFF870F14D7DB31002AFC43 /* KWIntercept.m in Sources */,
				3EFF871014D7DB31002AFC43 /* KWInvocationCapturer.m in Sources */,
				3EFF871114D7DB31002AFC43 /* KWItNode.m in Sources */,
				3EFF871214D7DB31002AFC43 /* KWMatcher.m in Sources */,
				3EFF871314D7DB31002AFC43 /* KWMatcherFactory.m in Sources */,
				3EFF871414D7DB31002AFC43 /* KWMatchers.m in Sources */,
				3EFF871514D7DB31002AFC43 /* KWMatchVerifier.m in Sources */,
				3EFF871614D7DB31002AFC43 /* KWMessagePattern.m in Sources */,
				3EFF871714D7DB31002AFC43 /* KWMessageTracker.m in Sources */,
				3EFF871814D7DB31002AFC43 /* KWMock.m in Sources */,
				3EFF871914D7DB31002AFC43 /* KWNull.m in Sources */,
				3EFF871A14D7DB31002AFC43 /* KWObjCUtilities.m in Sources */,
				3EFF871B14D7DB31002AFC43 /* KWPendingNode.m in Sources */,
				3EFF871C14D7DB31002AFC43 /* KWProbePoller.m in Sources */,
				3EFF871D14D7DB31002AFC43 /* KWRaiseMatcher.m in Sources */,
				3EFF871E14D7DB31002AFC43 /* KWReceiveMatcher.m in Sources */,
				3EFF871F14D7DB31002AFC43 /* KWRegisterMatchersNode.m in Sources */,
				3EFF872014D7DB31002AFC43 /* KWRespondToSelectorMatcher.m in Sources */,
				3EFF872114D7DB31002AFC43 /* KWSpec.m in Sources */,
				3EFF872214D7DB31002AFC43 /* KWStringUtilities.m in Sources */,
				3EFF872314D7DB31002AFC43 /* KWStub.m in Sources */,
				3EFF872414D7DB31002AFC43 /* KWTestCase.m in Sources */,
				3EFF872514D7DB31002AFC43 /* KWUserDefinedMatcher.m in Sources */,
				3EFF872614D7DB31002AFC43 /* KWValue.m in Sources */,
				3EFF872714D7DB31002AFC43 /* KWWorkarounds.m in Sources */,
				3EFF872814D7DB31002AFC43 /* NSInvocation+KiwiAdditions.m in Sources */,
				3EFF872914D7DB31002AFC43 /* NSMethodSignature+KiwiAdditions.m in Sources */,
				3EFF872A14D7DB31002AFC43 /* NSNumber+KiwiAdditions.m in Sources */,
				3EFF872B14D7DB31002AFC43 /* NSObject+KiwiMockAdditions.m in Sources */,
				3EFF872C14D7DB31002AFC43 /* NSObject+KiwiStubAdditions.m in Sources */,
				3EFF872D14D7DB31002AFC43 /* NSObject+KiwiVerifierAdditions.m in Sources */,
				3EFF872E14D7DB31002AFC43 /* NSValue+KiwiAdditions.m in Sources */,
			);
			runOnlyForDeploymentPostprocessing = 0;
		};
/* End PBXSourcesBuildPhase section */

/* Begin PBXVariantGroup section */
		3EF2846514D7C14400768794 /* InfoPlist.strings */ = {
			isa = PBXVariantGroup;
			children = (
				3EF2846614D7C14400768794 /* en */,
			);
			name = InfoPlist.strings;
			sourceTree = "<group>";
		};
		3EF284AA14D7D43300768794 /* InfoPlist.strings */ = {
			isa = PBXVariantGroup;
			children = (
				3EF284AB14D7D43300768794 /* en */,
			);
			name = InfoPlist.strings;
			sourceTree = "<group>";
		};
/* End PBXVariantGroup section */

/* Begin XCBuildConfiguration section */
		3EF2846E14D7C14400768794 /* Debug */ = {
			isa = XCBuildConfiguration;
			buildSettings = {
				ALWAYS_SEARCH_USER_PATHS = NO;
				ARCHS = "$(ARCHS_STANDARD_32_BIT)";
				"CODE_SIGN_IDENTITY[sdk=iphoneos*]" = "iPhone Developer";
				COPY_PHASE_STRIP = NO;
				GCC_C_LANGUAGE_STANDARD = gnu99;
				GCC_DYNAMIC_NO_PIC = NO;
				GCC_OPTIMIZATION_LEVEL = 0;
				GCC_PREPROCESSOR_DEFINITIONS = (
					"DEBUG=1",
					"$(inherited)",
				);
				GCC_SYMBOLS_PRIVATE_EXTERN = NO;
				GCC_VERSION = com.apple.compilers.llvm.clang.1_0;
				GCC_WARN_ABOUT_MISSING_PROTOTYPES = YES;
				GCC_WARN_ABOUT_RETURN_TYPE = YES;
				GCC_WARN_UNUSED_VARIABLE = YES;
				IPHONEOS_DEPLOYMENT_TARGET = 5.0;
				SDKROOT = iphoneos;
			};
			name = Debug;
		};
		3EF2846F14D7C14400768794 /* Release */ = {
			isa = XCBuildConfiguration;
			buildSettings = {
				ALWAYS_SEARCH_USER_PATHS = NO;
				ARCHS = "$(ARCHS_STANDARD_32_BIT)";
				"CODE_SIGN_IDENTITY[sdk=iphoneos*]" = "iPhone Developer";
				COPY_PHASE_STRIP = YES;
				GCC_C_LANGUAGE_STANDARD = gnu99;
				GCC_VERSION = com.apple.compilers.llvm.clang.1_0;
				GCC_WARN_ABOUT_MISSING_PROTOTYPES = YES;
				GCC_WARN_ABOUT_RETURN_TYPE = YES;
				GCC_WARN_UNUSED_VARIABLE = YES;
				IPHONEOS_DEPLOYMENT_TARGET = 5.0;
				OTHER_CFLAGS = "-DNS_BLOCK_ASSERTIONS=1";
				SDKROOT = iphoneos;
				VALIDATE_PRODUCT = YES;
			};
			name = Release;
		};
		3EF2847114D7C14400768794 /* Debug */ = {
			isa = XCBuildConfiguration;
			buildSettings = {
				GCC_PRECOMPILE_PREFIX_HEADER = YES;
				GCC_PREFIX_HEADER = "KiwiTestProj/KiwiTestProj-Prefix.pch";
				INFOPLIST_FILE = "KiwiTestProj/KiwiTestProj-Info.plist";
				PRODUCT_NAME = "$(TARGET_NAME)";
				WRAPPER_EXTENSION = app;
			};
			name = Debug;
		};
		3EF2847214D7C14400768794 /* Release */ = {
			isa = XCBuildConfiguration;
			buildSettings = {
				GCC_PRECOMPILE_PREFIX_HEADER = YES;
				GCC_PREFIX_HEADER = "KiwiTestProj/KiwiTestProj-Prefix.pch";
				INFOPLIST_FILE = "KiwiTestProj/KiwiTestProj-Info.plist";
				PRODUCT_NAME = "$(TARGET_NAME)";
				WRAPPER_EXTENSION = app;
			};
			name = Release;
		};
		3EF284B114D7D43300768794 /* Debug */ = {
			isa = XCBuildConfiguration;
			buildSettings = {
				FRAMEWORK_SEARCH_PATHS = (
					"$(SDKROOT)/Developer/Library/Frameworks",
					"$(DEVELOPER_LIBRARY_DIR)/Frameworks",
				);
				GCC_PRECOMPILE_PREFIX_HEADER = YES;
				GCC_PREFIX_HEADER = "KiwiTarget/KiwiTarget-Prefix.pch";
				INFOPLIST_FILE = "KiwiTarget/KiwiTarget-Info.plist";
				PRODUCT_NAME = "$(TARGET_NAME)";
				WRAPPER_EXTENSION = octest;
			};
			name = Debug;
		};
		3EF284B214D7D43300768794 /* Release */ = {
			isa = XCBuildConfiguration;
			buildSettings = {
				FRAMEWORK_SEARCH_PATHS = (
					"$(SDKROOT)/Developer/Library/Frameworks",
					"$(DEVELOPER_LIBRARY_DIR)/Frameworks",
				);
				GCC_PRECOMPILE_PREFIX_HEADER = YES;
				GCC_PREFIX_HEADER = "KiwiTarget/KiwiTarget-Prefix.pch";
				INFOPLIST_FILE = "KiwiTarget/KiwiTarget-Info.plist";
				PRODUCT_NAME = "$(TARGET_NAME)";
				WRAPPER_EXTENSION = octest;
			};
			name = Release;
		};
/* End XCBuildConfiguration section */

/* Begin XCConfigurationList section */
		3EF2845214D7C14400768794 /* Build configuration list for PBXProject "KiwiTestProj" */ = {
			isa = XCConfigurationList;
			buildConfigurations = (
				3EF2846E14D7C14400768794 /* Debug */,
				3EF2846F14D7C14400768794 /* Release */,
			);
			defaultConfigurationIsVisible = 0;
			defaultConfigurationName = Release;
		};
		3EF2847014D7C14400768794 /* Build configuration list for PBXNativeTarget "KiwiTestProj" */ = {
			isa = XCConfigurationList;
			buildConfigurations = (
				3EF2847114D7C14400768794 /* Debug */,
				3EF2847214D7C14400768794 /* Release */,
			);
			defaultConfigurationIsVisible = 0;
			defaultConfigurationName = Release;
		};
		3EF284B314D7D43300768794 /* Build configuration list for PBXNativeTarget "KiwiTarget" */ = {
			isa = XCConfigurationList;
			buildConfigurations = (
				3EF284B114D7D43300768794 /* Debug */,
				3EF284B214D7D43300768794 /* Release */,
			);
			defaultConfigurationIsVisible = 0;
			defaultConfigurationName = Release;
		};
/* End XCConfigurationList section */
	};
	rootObject = 3EF2844F14D7C14400768794 /* Project object */;
}
